
Microsoft Visual Studio Solution File, Format Version 12.00
# Visual Studio Version 17
VisualStudioVersion = 17.14.36408.4
MinimumVisualStudioVersion = 10.0.40219.1
Project("{FAE04EC0-301F-11D3-BF4B-00C04F79EFBC}") = "IdentityService", "IdentityService\IdentityService.csproj", "{C575B070-ABB7-4962-8742-9DE54FD8C8B5}"
EndProject
Project("{FAE04EC0-301F-11D3-BF4B-00C04F79EFBC}") = "SubscriptionService", "SubscriptionService\SubscriptionService.csproj", "{90881B5D-9E8A-4CB2-9A59-7C6B695BBEBA}"
EndProject
Project("{FAE04EC0-301F-11D3-BF4B-00C04F79EFBC}") = "ApiGateway", "ApiGateway\ApiGateway.csproj", "{ABE66B30-BD47-A7B2-B17B-5BA67959B026}"
EndProject
Project("{FAE04EC0-301F-11D3-BF4B-00C04F79EFBC}") = "AIService", "AIService\AIService.csproj", "{B53BA4F6-7339-44D9-BCD6-836D9B6D6FB6}"
EndProject
Project("{FAE04EC0-301F-11D3-BF4B-00C04F79EFBC}") = "DocumentService", "DocumentService\DocumentService.csproj", "{A605F0A3-B2B8-4D11-B607-2BEF70A763B0}"
EndProject
Project("{2150E333-8FDC-42A3-9474-1A3956D46DE8}") = "Tests", "Tests", "{0AB3BF05-4346-4AA6-1389-037BE0695223}"
EndProject
Project("{FAE04EC0-301F-11D3-BF4B-00C04F79EFBC}") = "IdentityService.UnitTests", "Tests\IdentityService.UnitTests\IdentityService.UnitTests.csproj", "{40972BDA-BDCC-4C4F-BE38-48D1BB3F06D5}"
EndProject
Project("{FAE04EC0-301F-11D3-BF4B-00C04F79EFBC}") = "AIService.UnitTests", "Tests\AIService.UnitTests\AIService.UnitTests.csproj", "{24FAD39E-01BA-419D-8675-CAEEF88A2704}"
EndProject
Project("{FAE04EC0-301F-11D3-BF4B-00C04F79EFBC}") = "AIService.IntegrationTests", "Tests\AIService.IntegrationTests\AIService.IntegrationTests.csproj", "{F20815E3-3252-4C4F-AD8A-CD895152A2E5}"
EndProject
Project("{FAE04EC0-301F-11D3-BF4B-00C04F79EFBC}") = "ApiGateway.ContractTests", "Tests\ApiGateway.ContractTests\ApiGateway.ContractTests.csproj", "{233CAF33-FBDD-4AAD-83E3-AD25B9615311}"
EndProject
Project("{FAE04EC0-301F-11D3-BF4B-00C04F79EFBC}") = "SubscriptionService.UnitTests", "Tests\SubscriptionService.UnitTests\SubscriptionService.UnitTests.csproj", "{3A944EB0-92F7-4FA8-833F-9D5F069CD5DA}"
EndProject
Project("{FAE04EC0-301F-11D3-BF4B-00C04F79EFBC}") = "SubscriptionService.IntegrationTests", "Tests\SubscriptionService.IntegrationTests\SubscriptionService.IntegrationTests.csproj", "{D6847144-F604-4DBB-9561-C565803149A9}"
EndProject
Project("{FAE04EC0-301F-11D3-BF4B-00C04F79EFBC}") = "DocumentService.UnitTests", "Tests\DocumentService.UnitTests\DocumentService.UnitTests.csproj", "{8DD21049-6A34-46D7-A6D4-F83CC3C9D63E}"
EndProject
Project("{FAE04EC0-301F-11D3-BF4B-00C04F79EFBC}") = "IdentityService.ProviderPactTests", "Tests\IdentityService.ProviderPactTests\IdentityService.ProviderPactTests.csproj", "{A24F753C-D42D-4C7C-99E5-952FFC1B3A6F}"
EndProject
Project("{2150E333-8FDC-42A3-9474-1A3956D46DE8}") = "E2E", "E2E", "{0EB607AC-6329-6575-AD8B-E5558B048B88}"
EndProject
Project("{FAE04EC0-301F-11D3-BF4B-00C04F79EFBC}") = "E2E.Tests", "Tests\E2E\E2E.Tests.csproj", "{EF307B42-418D-4327-B4D7-AD2228434F2C}"
EndProject
Project("{FAE04EC0-301F-11D3-BF4B-00C04F79EFBC}") = "SearchService", "SearchService\SearchService.csproj", "{9FDF878D-DC64-47DC-BC55-94CE1312EBF9}"
EndProject
Global
	GlobalSection(SolutionConfigurationPlatforms) = preSolution
		Debug|Any CPU = Debug|Any CPU
		Debug|x64 = Debug|x64
		Debug|x86 = Debug|x86
		Release|Any CPU = Release|Any CPU
		Release|x64 = Release|x64
		Release|x86 = Release|x86
	EndGlobalSection
	GlobalSection(ProjectConfigurationPlatforms) = postSolution
		{C575B070-ABB7-4962-8742-9DE54FD8C8B5}.Debug|Any CPU.ActiveCfg = Debug|Any CPU
		{C575B070-ABB7-4962-8742-9DE54FD8C8B5}.Debug|Any CPU.Build.0 = Debug|Any CPU
		{C575B070-ABB7-4962-8742-9DE54FD8C8B5}.Debug|x64.ActiveCfg = Debug|Any CPU
		{C575B070-ABB7-4962-8742-9DE54FD8C8B5}.Debug|x64.Build.0 = Debug|Any CPU
		{C575B070-ABB7-4962-8742-9DE54FD8C8B5}.Debug|x86.ActiveCfg = Debug|Any CPU
		{C575B070-ABB7-4962-8742-9DE54FD8C8B5}.Debug|x86.Build.0 = Debug|Any CPU
		{C575B070-ABB7-4962-8742-9DE54FD8C8B5}.Release|Any CPU.ActiveCfg = Release|Any CPU
		{C575B070-ABB7-4962-8742-9DE54FD8C8B5}.Release|Any CPU.Build.0 = Release|Any CPU
		{C575B070-ABB7-4962-8742-9DE54FD8C8B5}.Release|x64.ActiveCfg = Release|Any CPU
		{C575B070-ABB7-4962-8742-9DE54FD8C8B5}.Release|x64.Build.0 = Release|Any CPU
		{C575B070-ABB7-4962-8742-9DE54FD8C8B5}.Release|x86.ActiveCfg = Release|Any CPU
		{C575B070-ABB7-4962-8742-9DE54FD8C8B5}.Release|x86.Build.0 = Release|Any CPU
		{90881B5D-9E8A-4CB2-9A59-7C6B695BBEBA}.Debug|Any CPU.ActiveCfg = Debug|Any CPU
		{90881B5D-9E8A-4CB2-9A59-7C6B695BBEBA}.Debug|Any CPU.Build.0 = Debug|Any CPU
		{90881B5D-9E8A-4CB2-9A59-7C6B695BBEBA}.Debug|x64.ActiveCfg = Debug|Any CPU
		{90881B5D-9E8A-4CB2-9A59-7C6B695BBEBA}.Debug|x64.Build.0 = Debug|Any CPU
		{90881B5D-9E8A-4CB2-9A59-7C6B695BBEBA}.Debug|x86.ActiveCfg = Debug|Any CPU
		{90881B5D-9E8A-4CB2-9A59-7C6B695BBEBA}.Debug|x86.Build.0 = Debug|Any CPU
		{90881B5D-9E8A-4CB2-9A59-7C6B695BBEBA}.Release|Any CPU.ActiveCfg = Release|Any CPU
		{90881B5D-9E8A-4CB2-9A59-7C6B695BBEBA}.Release|Any CPU.Build.0 = Release|Any CPU
		{90881B5D-9E8A-4CB2-9A59-7C6B695BBEBA}.Release|x64.ActiveCfg = Release|Any CPU
		{90881B5D-9E8A-4CB2-9A59-7C6B695BBEBA}.Release|x64.Build.0 = Release|Any CPU
		{90881B5D-9E8A-4CB2-9A59-7C6B695BBEBA}.Release|x86.ActiveCfg = Release|Any CPU
		{90881B5D-9E8A-4CB2-9A59-7C6B695BBEBA}.Release|x86.Build.0 = Release|Any CPU
		{ABE66B30-BD47-A7B2-B17B-5BA67959B026}.Debug|Any CPU.ActiveCfg = Debug|Any CPU
		{ABE66B30-BD47-A7B2-B17B-5BA67959B026}.Debug|Any CPU.Build.0 = Debug|Any CPU
		{ABE66B30-BD47-A7B2-B17B-5BA67959B026}.Debug|x64.ActiveCfg = Debug|Any CPU
		{ABE66B30-BD47-A7B2-B17B-5BA67959B026}.Debug|x64.Build.0 = Debug|Any CPU
		{ABE66B30-BD47-A7B2-B17B-5BA67959B026}.Debug|x86.ActiveCfg = Debug|Any CPU
		{ABE66B30-BD47-A7B2-B17B-5BA67959B026}.Debug|x86.Build.0 = Debug|Any CPU
		{ABE66B30-BD47-A7B2-B17B-5BA67959B026}.Release|Any CPU.ActiveCfg = Release|Any CPU
		{ABE66B30-BD47-A7B2-B17B-5BA67959B026}.Release|Any CPU.Build.0 = Release|Any CPU
		{ABE66B30-BD47-A7B2-B17B-5BA67959B026}.Release|x64.ActiveCfg = Release|Any CPU
		{ABE66B30-BD47-A7B2-B17B-5BA67959B026}.Release|x64.Build.0 = Release|Any CPU
		{ABE66B30-BD47-A7B2-B17B-5BA67959B026}.Release|x86.ActiveCfg = Release|Any CPU
		{ABE66B30-BD47-A7B2-B17B-5BA67959B026}.Release|x86.Build.0 = Release|Any CPU
		{B53BA4F6-7339-44D9-BCD6-836D9B6D6FB6}.Debug|Any CPU.ActiveCfg = Debug|Any CPU
		{B53BA4F6-7339-44D9-BCD6-836D9B6D6FB6}.Debug|Any CPU.Build.0 = Debug|Any CPU
		{B53BA4F6-7339-44D9-BCD6-836D9B6D6FB6}.Debug|x64.ActiveCfg = Debug|Any CPU
		{B53BA4F6-7339-44D9-BCD6-836D9B6D6FB6}.Debug|x64.Build.0 = Debug|Any CPU
		{B53BA4F6-7339-44D9-BCD6-836D9B6D6FB6}.Debug|x86.ActiveCfg = Debug|Any CPU
		{B53BA4F6-7339-44D9-BCD6-836D9B6D6FB6}.Debug|x86.Build.0 = Debug|Any CPU
		{B53BA4F6-7339-44D9-BCD6-836D9B6D6FB6}.Release|Any CPU.ActiveCfg = Release|Any CPU
		{B53BA4F6-7339-44D9-BCD6-836D9B6D6FB6}.Release|Any CPU.Build.0 = Release|Any CPU
		{B53BA4F6-7339-44D9-BCD6-836D9B6D6FB6}.Release|x64.ActiveCfg = Release|Any CPU
		{B53BA4F6-7339-44D9-BCD6-836D9B6D6FB6}.Release|x64.Build.0 = Release|Any CPU
		{B53BA4F6-7339-44D9-BCD6-836D9B6D6FB6}.Release|x86.ActiveCfg = Release|Any CPU
		{B53BA4F6-7339-44D9-BCD6-836D9B6D6FB6}.Release|x86.Build.0 = Release|Any CPU
		{A605F0A3-B2B8-4D11-B607-2BEF70A763B0}.Debug|Any CPU.ActiveCfg = Debug|Any CPU
		{A605F0A3-B2B8-4D11-B607-2BEF70A763B0}.Debug|Any CPU.Build.0 = Debug|Any CPU
		{A605F0A3-B2B8-4D11-B607-2BEF70A763B0}.Debug|x64.ActiveCfg = Debug|Any CPU
		{A605F0A3-B2B8-4D11-B607-2BEF70A763B0}.Debug|x64.Build.0 = Debug|Any CPU
		{A605F0A3-B2B8-4D11-B607-2BEF70A763B0}.Debug|x86.ActiveCfg = Debug|Any CPU
		{A605F0A3-B2B8-4D11-B607-2BEF70A763B0}.Debug|x86.Build.0 = Debug|Any CPU
		{A605F0A3-B2B8-4D11-B607-2BEF70A763B0}.Release|Any CPU.ActiveCfg = Release|Any CPU
		{A605F0A3-B2B8-4D11-B607-2BEF70A763B0}.Release|Any CPU.Build.0 = Release|Any CPU
		{A605F0A3-B2B8-4D11-B607-2BEF70A763B0}.Release|x64.ActiveCfg = Release|Any CPU
		{A605F0A3-B2B8-4D11-B607-2BEF70A763B0}.Release|x64.Build.0 = Release|Any CPU
		{A605F0A3-B2B8-4D11-B607-2BEF70A763B0}.Release|x86.ActiveCfg = Release|Any CPU
		{A605F0A3-B2B8-4D11-B607-2BEF70A763B0}.Release|x86.Build.0 = Release|Any CPU
		{40972BDA-BDCC-4C4F-BE38-48D1BB3F06D5}.Debug|Any CPU.ActiveCfg = Debug|Any CPU
		{40972BDA-BDCC-4C4F-BE38-48D1BB3F06D5}.Debug|Any CPU.Build.0 = Debug|Any CPU
		{40972BDA-BDCC-4C4F-BE38-48D1BB3F06D5}.Debug|x64.ActiveCfg = Debug|Any CPU
		{40972BDA-BDCC-4C4F-BE38-48D1BB3F06D5}.Debug|x64.Build.0 = Debug|Any CPU
		{40972BDA-BDCC-4C4F-BE38-48D1BB3F06D5}.Debug|x86.ActiveCfg = Debug|Any CPU
		{40972BDA-BDCC-4C4F-BE38-48D1BB3F06D5}.Debug|x86.Build.0 = Debug|Any CPU
		{40972BDA-BDCC-4C4F-BE38-48D1BB3F06D5}.Release|Any CPU.ActiveCfg = Release|Any CPU
		{40972BDA-BDCC-4C4F-BE38-48D1BB3F06D5}.Release|Any CPU.Build.0 = Release|Any CPU
		{40972BDA-BDCC-4C4F-BE38-48D1BB3F06D5}.Release|x64.ActiveCfg = Release|Any CPU
		{40972BDA-BDCC-4C4F-BE38-48D1BB3F06D5}.Release|x64.Build.0 = Release|Any CPU
		{40972BDA-BDCC-4C4F-BE38-48D1BB3F06D5}.Release|x86.ActiveCfg = Release|Any CPU
		{40972BDA-BDCC-4C4F-BE38-48D1BB3F06D5}.Release|x86.Build.0 = Release|Any CPU
		{24FAD39E-01BA-419D-8675-CAEEF88A2704}.Debug|Any CPU.ActiveCfg = Debug|Any CPU
		{24FAD39E-01BA-419D-8675-CAEEF88A2704}.Debug|Any CPU.Build.0 = Debug|Any CPU
		{24FAD39E-01BA-419D-8675-CAEEF88A2704}.Debug|x64.ActiveCfg = Debug|Any CPU
		{24FAD39E-01BA-419D-8675-CAEEF88A2704}.Debug|x64.Build.0 = Debug|Any CPU
		{24FAD39E-01BA-419D-8675-CAEEF88A2704}.Debug|x86.ActiveCfg = Debug|Any CPU
		{24FAD39E-01BA-419D-8675-CAEEF88A2704}.Debug|x86.Build.0 = Debug|Any CPU
		{24FAD39E-01BA-419D-8675-CAEEF88A2704}.Release|Any CPU.ActiveCfg = Release|Any CPU
		{24FAD39E-01BA-419D-8675-CAEEF88A2704}.Release|Any CPU.Build.0 = Release|Any CPU
		{24FAD39E-01BA-419D-8675-CAEEF88A2704}.Release|x64.ActiveCfg = Release|Any CPU
		{24FAD39E-01BA-419D-8675-CAEEF88A2704}.Release|x64.Build.0 = Release|Any CPU
		{24FAD39E-01BA-419D-8675-CAEEF88A2704}.Release|x86.ActiveCfg = Release|Any CPU
		{24FAD39E-01BA-419D-8675-CAEEF88A2704}.Release|x86.Build.0 = Release|Any CPU
		{F20815E3-3252-4C4F-AD8A-CD895152A2E5}.Debug|Any CPU.ActiveCfg = Debug|Any CPU
		{F20815E3-3252-4C4F-AD8A-CD895152A2E5}.Debug|Any CPU.Build.0 = Debug|Any CPU
		{F20815E3-3252-4C4F-AD8A-CD895152A2E5}.Debug|x64.ActiveCfg = Debug|Any CPU
		{F20815E3-3252-4C4F-AD8A-CD895152A2E5}.Debug|x64.Build.0 = Debug|Any CPU
		{F20815E3-3252-4C4F-AD8A-CD895152A2E5}.Debug|x86.ActiveCfg = Debug|Any CPU
		{F20815E3-3252-4C4F-AD8A-CD895152A2E5}.Debug|x86.Build.0 = Debug|Any CPU
		{F20815E3-3252-4C4F-AD8A-CD895152A2E5}.Release|Any CPU.ActiveCfg = Release|Any CPU
		{F20815E3-3252-4C4F-AD8A-CD895152A2E5}.Release|Any CPU.Build.0 = Release|Any CPU
		{F20815E3-3252-4C4F-AD8A-CD895152A2E5}.Release|x64.ActiveCfg = Release|Any CPU
		{F20815E3-3252-4C4F-AD8A-CD895152A2E5}.Release|x64.Build.0 = Release|Any CPU
		{F20815E3-3252-4C4F-AD8A-CD895152A2E5}.Release|x86.ActiveCfg = Release|Any CPU
		{F20815E3-3252-4C4F-AD8A-CD895152A2E5}.Release|x86.Build.0 = Release|Any CPU
		{233CAF33-FBDD-4AAD-83E3-AD25B9615311}.Debug|Any CPU.ActiveCfg = Debug|Any CPU
		{233CAF33-FBDD-4AAD-83E3-AD25B9615311}.Debug|Any CPU.Build.0 = Debug|Any CPU
		{233CAF33-FBDD-4AAD-83E3-AD25B9615311}.Debug|x64.ActiveCfg = Debug|Any CPU
		{233CAF33-FBDD-4AAD-83E3-AD25B9615311}.Debug|x64.Build.0 = Debug|Any CPU
		{233CAF33-FBDD-4AAD-83E3-AD25B9615311}.Debug|x86.ActiveCfg = Debug|Any CPU
		{233CAF33-FBDD-4AAD-83E3-AD25B9615311}.Debug|x86.Build.0 = Debug|Any CPU
		{233CAF33-FBDD-4AAD-83E3-AD25B9615311}.Release|Any CPU.ActiveCfg = Release|Any CPU
		{233CAF33-FBDD-4AAD-83E3-AD25B9615311}.Release|Any CPU.Build.0 = Release|Any CPU
		{233CAF33-FBDD-4AAD-83E3-AD25B9615311}.Release|x64.ActiveCfg = Release|Any CPU
		{233CAF33-FBDD-4AAD-83E3-AD25B9615311}.Release|x64.Build.0 = Release|Any CPU
		{233CAF33-FBDD-4AAD-83E3-AD25B9615311}.Release|x86.ActiveCfg = Release|Any CPU
		{233CAF33-FBDD-4AAD-83E3-AD25B9615311}.Release|x86.Build.0 = Release|Any CPU
		{3A944EB0-92F7-4FA8-833F-9D5F069CD5DA}.Debug|Any CPU.ActiveCfg = Debug|Any CPU
		{3A944EB0-92F7-4FA8-833F-9D5F069CD5DA}.Debug|Any CPU.Build.0 = Debug|Any CPU
		{3A944EB0-92F7-4FA8-833F-9D5F069CD5DA}.Debug|x64.ActiveCfg = Debug|Any CPU
		{3A944EB0-92F7-4FA8-833F-9D5F069CD5DA}.Debug|x64.Build.0 = Debug|Any CPU
		{3A944EB0-92F7-4FA8-833F-9D5F069CD5DA}.Debug|x86.ActiveCfg = Debug|Any CPU
		{3A944EB0-92F7-4FA8-833F-9D5F069CD5DA}.Debug|x86.Build.0 = Debug|Any CPU
		{3A944EB0-92F7-4FA8-833F-9D5F069CD5DA}.Release|Any CPU.ActiveCfg = Release|Any CPU
		{3A944EB0-92F7-4FA8-833F-9D5F069CD5DA}.Release|Any CPU.Build.0 = Release|Any CPU
		{3A944EB0-92F7-4FA8-833F-9D5F069CD5DA}.Release|x64.ActiveCfg = Release|Any CPU
		{3A944EB0-92F7-4FA8-833F-9D5F069CD5DA}.Release|x64.Build.0 = Release|Any CPU
		{3A944EB0-92F7-4FA8-833F-9D5F069CD5DA}.Release|x86.ActiveCfg = Release|Any CPU
		{3A944EB0-92F7-4FA8-833F-9D5F069CD5DA}.Release|x86.Build.0 = Release|Any CPU
		{D6847144-F604-4DBB-9561-C565803149A9}.Debug|Any CPU.ActiveCfg = Debug|Any CPU
		{D6847144-F604-4DBB-9561-C565803149A9}.Debug|Any CPU.Build.0 = Debug|Any CPU
		{D6847144-F604-4DBB-9561-C565803149A9}.Debug|x64.ActiveCfg = Debug|Any CPU
		{D6847144-F604-4DBB-9561-C565803149A9}.Debug|x64.Build.0 = Debug|Any CPU
		{D6847144-F604-4DBB-9561-C565803149A9}.Debug|x86.ActiveCfg = Debug|Any CPU
		{D6847144-F604-4DBB-9561-C565803149A9}.Debug|x86.Build.0 = Debug|Any CPU
		{D6847144-F604-4DBB-9561-C565803149A9}.Release|Any CPU.ActiveCfg = Release|Any CPU
		{D6847144-F604-4DBB-9561-C565803149A9}.Release|Any CPU.Build.0 = Release|Any CPU
		{D6847144-F604-4DBB-9561-C565803149A9}.Release|x64.ActiveCfg = Release|Any CPU
		{D6847144-F604-4DBB-9561-C565803149A9}.Release|x64.Build.0 = Release|Any CPU
		{D6847144-F604-4DBB-9561-C565803149A9}.Release|x86.ActiveCfg = Release|Any CPU
		{D6847144-F604-4DBB-9561-C565803149A9}.Release|x86.Build.0 = Release|Any CPU
		{8DD21049-6A34-46D7-A6D4-F83CC3C9D63E}.Debug|Any CPU.ActiveCfg = Debug|Any CPU
		{8DD21049-6A34-46D7-A6D4-F83CC3C9D63E}.Debug|Any CPU.Build.0 = Debug|Any CPU
		{8DD21049-6A34-46D7-A6D4-F83CC3C9D63E}.Debug|x64.ActiveCfg = Debug|Any CPU
		{8DD21049-6A34-46D7-A6D4-F83CC3C9D63E}.Debug|x64.Build.0 = Debug|Any CPU
		{8DD21049-6A34-46D7-A6D4-F83CC3C9D63E}.Debug|x86.ActiveCfg = Debug|Any CPU
		{8DD21049-6A34-46D7-A6D4-F83CC3C9D63E}.Debug|x86.Build.0 = Debug|Any CPU
		{8DD21049-6A34-46D7-A6D4-F83CC3C9D63E}.Release|Any CPU.ActiveCfg = Release|Any CPU
		{8DD21049-6A34-46D7-A6D4-F83CC3C9D63E}.Release|Any CPU.Build.0 = Release|Any CPU
		{8DD21049-6A34-46D7-A6D4-F83CC3C9D63E}.Release|x64.ActiveCfg = Release|Any CPU
		{8DD21049-6A34-46D7-A6D4-F83CC3C9D63E}.Release|x64.Build.0 = Release|Any CPU
		{8DD21049-6A34-46D7-A6D4-F83CC3C9D63E}.Release|x86.ActiveCfg = Release|Any CPU
		{8DD21049-6A34-46D7-A6D4-F83CC3C9D63E}.Release|x86.Build.0 = Release|Any CPU
		{A24F753C-D42D-4C7C-99E5-952FFC1B3A6F}.Debug|Any CPU.ActiveCfg = Debug|Any CPU
		{A24F753C-D42D-4C7C-99E5-952FFC1B3A6F}.Debug|Any CPU.Build.0 = Debug|Any CPU
		{A24F753C-D42D-4C7C-99E5-952FFC1B3A6F}.Debug|x64.ActiveCfg = Debug|Any CPU
		{A24F753C-D42D-4C7C-99E5-952FFC1B3A6F}.Debug|x64.Build.0 = Debug|Any CPU
		{A24F753C-D42D-4C7C-99E5-952FFC1B3A6F}.Debug|x86.ActiveCfg = Debug|Any CPU
		{A24F753C-D42D-4C7C-99E5-952FFC1B3A6F}.Debug|x86.Build.0 = Debug|Any CPU
		{A24F753C-D42D-4C7C-99E5-952FFC1B3A6F}.Release|Any CPU.ActiveCfg = Release|Any CPU
		{A24F753C-D42D-4C7C-99E5-952FFC1B3A6F}.Release|Any CPU.Build.0 = Release|Any CPU
		{A24F753C-D42D-4C7C-99E5-952FFC1B3A6F}.Release|x64.ActiveCfg = Release|Any CPU
		{A24F753C-D42D-4C7C-99E5-952FFC1B3A6F}.Release|x64.Build.0 = Release|Any CPU
		{A24F753C-D42D-4C7C-99E5-952FFC1B3A6F}.Release|x86.ActiveCfg = Release|Any CPU
		{A24F753C-D42D-4C7C-99E5-952FFC1B3A6F}.Release|x86.Build.0 = Release|Any CPU
		{EF307B42-418D-4327-B4D7-AD2228434F2C}.Debug|Any CPU.ActiveCfg = Debug|Any CPU
		{EF307B42-418D-4327-B4D7-AD2228434F2C}.Debug|Any CPU.Build.0 = Debug|Any CPU
		{EF307B42-418D-4327-B4D7-AD2228434F2C}.Debug|x64.ActiveCfg = Debug|Any CPU
		{EF307B42-418D-4327-B4D7-AD2228434F2C}.Debug|x64.Build.0 = Debug|Any CPU
		{EF307B42-418D-4327-B4D7-AD2228434F2C}.Debug|x86.ActiveCfg = Debug|Any CPU
		{EF307B42-418D-4327-B4D7-AD2228434F2C}.Debug|x86.Build.0 = Debug|Any CPU
		{EF307B42-418D-4327-B4D7-AD2228434F2C}.Release|Any CPU.ActiveCfg = Release|Any CPU
		{EF307B42-418D-4327-B4D7-AD2228434F2C}.Release|Any CPU.Build.0 = Release|Any CPU
		{EF307B42-418D-4327-B4D7-AD2228434F2C}.Release|x64.ActiveCfg = Release|Any CPU
		{EF307B42-418D-4327-B4D7-AD2228434F2C}.Release|x64.Build.0 = Release|Any CPU
		{EF307B42-418D-4327-B4D7-AD2228434F2C}.Release|x86.ActiveCfg = Release|Any CPU
		{EF307B42-418D-4327-B4D7-AD2228434F2C}.Release|x86.Build.0 = Release|Any CPU
		{9FDF878D-DC64-47DC-BC55-94CE1312EBF9}.Debug|Any CPU.ActiveCfg = Debug|Any CPU
		{9FDF878D-DC64-47DC-BC55-94CE1312EBF9}.Debug|Any CPU.Build.0 = Debug|Any CPU
		{9FDF878D-DC64-47DC-BC55-94CE1312EBF9}.Debug|x64.ActiveCfg = Debug|Any CPU
		{9FDF878D-DC64-47DC-BC55-94CE1312EBF9}.Debug|x64.Build.0 = Debug|Any CPU
		{9FDF878D-DC64-47DC-BC55-94CE1312EBF9}.Debug|x86.ActiveCfg = Debug|Any CPU
		{9FDF878D-DC64-47DC-BC55-94CE1312EBF9}.Debug|x86.Build.0 = Debug|Any CPU
		{9FDF878D-DC64-47DC-BC55-94CE1312EBF9}.Release|Any CPU.ActiveCfg = Release|Any CPU
		{9FDF878D-DC64-47DC-BC55-94CE1312EBF9}.Release|Any CPU.Build.0 = Release|Any CPU
		{9FDF878D-DC64-47DC-BC55-94CE1312EBF9}.Release|x64.ActiveCfg = Release|Any CPU
		{9FDF878D-DC64-47DC-BC55-94CE1312EBF9}.Release|x64.Build.0 = Release|Any CPU
		{9FDF878D-DC64-47DC-BC55-94CE1312EBF9}.Release|x86.ActiveCfg = Release|Any CPU
		{9FDF878D-DC64-47DC-BC55-94CE1312EBF9}.Release|x86.Build.0 = Release|Any CPU
	EndGlobalSection
	GlobalSection(SolutionProperties) = preSolution
		HideSolutionNode = FALSE
	EndGlobalSection
	GlobalSection(NestedProjects) = preSolution
		{40972BDA-BDCC-4C4F-BE38-48D1BB3F06D5} = {0AB3BF05-4346-4AA6-1389-037BE0695223}
		{24FAD39E-01BA-419D-8675-CAEEF88A2704} = {0AB3BF05-4346-4AA6-1389-037BE0695223}
		{F20815E3-3252-4C4F-AD8A-CD895152A2E5} = {0AB3BF05-4346-4AA6-1389-037BE0695223}
		{233CAF33-FBDD-4AAD-83E3-AD25B9615311} = {0AB3BF05-4346-4AA6-1389-037BE0695223}
		{3A944EB0-92F7-4FA8-833F-9D5F069CD5DA} = {0AB3BF05-4346-4AA6-1389-037BE0695223}
		{D6847144-F604-4DBB-9561-C565803149A9} = {0AB3BF05-4346-4AA6-1389-037BE0695223}
		{8DD21049-6A34-46D7-A6D4-F83CC3C9D63E} = {0AB3BF05-4346-4AA6-1389-037BE0695223}
		{A24F753C-D42D-4C7C-99E5-952FFC1B3A6F} = {0AB3BF05-4346-4AA6-1389-037BE0695223}
		{0EB607AC-6329-6575-AD8B-E5558B048B88} = {0AB3BF05-4346-4AA6-1389-037BE0695223}
		{EF307B42-418D-4327-B4D7-AD2228434F2C} = {0EB607AC-6329-6575-AD8B-E5558B048B88}
	EndGlobalSection
	GlobalSection(ExtensibilityGlobals) = postSolution
		SolutionGuid = {9A6FCF1A-F852-4D4D-A2A9-253BFE939A3C}
	EndGlobalSection
EndGlobal
